
Microsoft Visual Studio Solution File, Format Version 12.00
# Visual Studio Version 17
VisualStudioVersion = 17.0.32126.317
MinimumVisualStudioVersion = 10.0.40219.1
Project("{9A19103F-16F7-4668-BE54-9A1E7A4F7556}") = "Main", "Main\Main.csproj", "{9266EB1C-A271-4F43-8190-13A328BFEC78}"
EndProject
Project("{9A19103F-16F7-4668-BE54-9A1E7A4F7556}") = "Test", "Test\Test.csproj", "{FA760A0F-1770-46EF-8BDA-80342A246E16}"
EndProject
Project("{FAE04EC0-301F-11D3-BF4B-00C04F79EFBC}") = "Test-BDD", "BDD\Test-BDD.csproj", "{7323C113-2970-4A9F-8CFD-06C50B9C591D}"
EndProject
Global
	GlobalSection(SolutionConfigurationPlatforms) = preSolution
		Debug|Any CPU = Debug|Any CPU
		Release|Any CPU = Release|Any CPU
	EndGlobalSection
	GlobalSection(ProjectConfigurationPlatforms) = postSolution
		{9266EB1C-A271-4F43-8190-13A328BFEC78}.Debug|Any CPU.ActiveCfg = Debug|Any CPU
		{9266EB1C-A271-4F43-8190-13A328BFEC78}.Debug|Any CPU.Build.0 = Debug|Any CPU
		{9266EB1C-A271-4F43-8190-13A328BFEC78}.Release|Any CPU.ActiveCfg = Release|Any CPU
		{9266EB1C-A271-4F43-8190-13A328BFEC78}.Release|Any CPU.Build.0 = Release|Any CPU
		{FA760A0F-1770-46EF-8BDA-80342A246E16}.Debug|Any CPU.ActiveCfg = Debug|Any CPU
		{FA760A0F-1770-46EF-8BDA-80342A246E16}.Debug|Any CPU.Build.0 = Debug|Any CPU
		{FA760A0F-1770-46EF-8BDA-80342A246E16}.Release|Any CPU.ActiveCfg = Release|Any CPU
		{FA760A0F-1770-46EF-8BDA-80342A246E16}.Release|Any CPU.Build.0 = Release|Any CPU
		{7323C113-2970-4A9F-8CFD-06C50B9C591D}.Debug|Any CPU.ActiveCfg = Debug|Any CPU
		{7323C113-2970-4A9F-8CFD-06C50B9C591D}.Debug|Any CPU.Build.0 = Debug|Any CPU
		{7323C113-2970-4A9F-8CFD-06C50B9C591D}.Release|Any CPU.ActiveCfg = Release|Any CPU
		{7323C113-2970-4A9F-8CFD-06C50B9C591D}.Release|Any CPU.Build.0 = Release|Any CPU
	EndGlobalSection
	GlobalSection(SolutionProperties) = preSolution
		HideSolutionNode = FALSE
	EndGlobalSection
	GlobalSection(ExtensibilityGlobals) = postSolution
		SolutionGuid = {77A2E769-48CB-4112-A2A8-81B957B3B1BE}
	EndGlobalSection
EndGlobal
